
Microsoft Visual Studio Solution File, Format Version 12.00
# Visual Studio Version 16
VisualStudioVersion = 16.0.30011.22
MinimumVisualStudioVersion = 10.0.40219.1
Project("{FAE04EC0-301F-11D3-BF4B-00C04F79EFBC}") = "Contributors", "Contributors.csproj", "{890F0173-572A-4D7F-A221-2A6DE738CFE3}"
EndProject
Global
	GlobalSection(SolutionConfigurationPlatforms) = preSolution
		Debug|Any CPU = Debug|Any CPU
		Release|Any CPU = Release|Any CPU
	EndGlobalSection
	GlobalSection(ProjectConfigurationPlatforms) = postSolution
		{890F0173-572A-4D7F-A221-2A6DE738CFE3}.Debug|Any CPU.ActiveCfg = Debug|Any CPU
		{890F0173-572A-4D7F-A221-2A6DE738CFE3}.Debug|Any CPU.Build.0 = Debug|Any CPU
		{890F0173-572A-4D7F-A221-2A6DE738CFE3}.Release|Any CPU.ActiveCfg = Release|Any CPU
		{890F0173-572A-4D7F-A221-2A6DE738CFE3}.Release|Any CPU.Build.0 = Release|Any CPU
	EndGlobalSection
	GlobalSection(SolutionProperties) = preSolution
		HideSolutionNode = FALSE
	EndGlobalSection
	GlobalSection(ExtensibilityGlobals) = postSolution
		SolutionGuid = {AE05C5B4-6054-4418-A12F-6DE18D3D03C9}
	EndGlobalSection
EndGlobal
